
Microsoft Visual Studio Solution File, Format Version 12.00
# Visual Studio Version 17
VisualStudioVersion = 17.0.31903.59
MinimumVisualStudioVersion = 10.0.40219.1
Project("{2150E333-8FDC-42A3-9474-1A3956D46DE8}") = "src", "src", "{3B541859-4159-4A11-86C2-FE28A61E7D50}"
EndProject
Project("{2150E333-8FDC-42A3-9474-1A3956D46DE8}") = "tests", "tests", "{FE6EE0C4-016C-48CE-9BAD-A4494288B1A9}"
EndProject
Project("{FAE04EC0-301F-11D3-BF4B-00C04F79EFBC}") = "Iaet.Adapters.GoogleVoice", "src\Iaet.Adapters.GoogleVoice\Iaet.Adapters.GoogleVoice.csproj", "{FDF284A4-1972-4759-9811-12EA45E6E20B}"
EndProject
Project("{FAE04EC0-301F-11D3-BF4B-00C04F79EFBC}") = "GvResearch.Shared", "src\GvResearch.Shared\GvResearch.Shared.csproj", "{66017C0F-C955-407E-8E08-F38EDA51E537}"
EndProject
Project("{FAE04EC0-301F-11D3-BF4B-00C04F79EFBC}") = "GvResearch.Shared.Tests", "tests\GvResearch.Shared.Tests\GvResearch.Shared.Tests.csproj", "{FC6AA165-1AE3-41EC-9FC6-F61A536C8E6C}"
EndProject
Project("{FAE04EC0-301F-11D3-BF4B-00C04F79EFBC}") = "GvResearch.Api", "src\GvResearch.Api\GvResearch.Api.csproj", "{4A04DF0A-54D7-4B1B-8184-CE07D4F4D575}"
EndProject
Project("{FAE04EC0-301F-11D3-BF4B-00C04F79EFBC}") = "GvResearch.Api.Tests", "tests\GvResearch.Api.Tests\GvResearch.Api.Tests.csproj", "{90A46903-AFE1-442A-8A10-748990D45245}"
EndProject
Project("{FAE04EC0-301F-11D3-BF4B-00C04F79EFBC}") = "GvResearch.Sip", "src\GvResearch.Sip\GvResearch.Sip.csproj", "{E25166BC-A7A0-4EA8-A194-025F2547D3A7}"
EndProject
Project("{FAE04EC0-301F-11D3-BF4B-00C04F79EFBC}") = "GvResearch.Sip.Tests", "tests\GvResearch.Sip.Tests\GvResearch.Sip.Tests.csproj", "{6D0871C4-5765-4F14-BE9D-AB3ECC774897}"
EndProject
Project("{FAE04EC0-301F-11D3-BF4B-00C04F79EFBC}") = "GvResearch.Softphone", "src\GvResearch.Softphone\GvResearch.Softphone.csproj", "{2336CDEB-FF4E-4579-85CC-C56425B66065}"
EndProject
Project("{FAE04EC0-301F-11D3-BF4B-00C04F79EFBC}") = "GvResearch.Softphone.Tests", "tests\GvResearch.Softphone.Tests\GvResearch.Softphone.Tests.csproj", "{31920ED8-FC80-41AF-A47B-AAE9C1BFA7A8}"
EndProject
Project("{FAE04EC0-301F-11D3-BF4B-00C04F79EFBC}") = "GvResearch.Client.Cli", "src\GvResearch.Client.Cli\GvResearch.Client.Cli.csproj", "{AD84E04C-CF07-47BB-B106-0398A21CD411}"
EndProject
Global
	GlobalSection(SolutionConfigurationPlatforms) = preSolution
		Debug|Any CPU = Debug|Any CPU
		Debug|x64 = Debug|x64
		Debug|x86 = Debug|x86
		Release|Any CPU = Release|Any CPU
		Release|x64 = Release|x64
		Release|x86 = Release|x86
	EndGlobalSection
	GlobalSection(ProjectConfigurationPlatforms) = postSolution
		{FDF284A4-1972-4759-9811-12EA45E6E20B}.Debug|Any CPU.ActiveCfg = Debug|Any CPU
		{FDF284A4-1972-4759-9811-12EA45E6E20B}.Debug|Any CPU.Build.0 = Debug|Any CPU
		{FDF284A4-1972-4759-9811-12EA45E6E20B}.Debug|x64.ActiveCfg = Debug|Any CPU
		{FDF284A4-1972-4759-9811-12EA45E6E20B}.Debug|x64.Build.0 = Debug|Any CPU
		{FDF284A4-1972-4759-9811-12EA45E6E20B}.Debug|x86.ActiveCfg = Debug|Any CPU
		{FDF284A4-1972-4759-9811-12EA45E6E20B}.Debug|x86.Build.0 = Debug|Any CPU
		{FDF284A4-1972-4759-9811-12EA45E6E20B}.Release|Any CPU.ActiveCfg = Release|Any CPU
		{FDF284A4-1972-4759-9811-12EA45E6E20B}.Release|Any CPU.Build.0 = Release|Any CPU
		{FDF284A4-1972-4759-9811-12EA45E6E20B}.Release|x64.ActiveCfg = Release|Any CPU
		{FDF284A4-1972-4759-9811-12EA45E6E20B}.Release|x64.Build.0 = Release|Any CPU
		{FDF284A4-1972-4759-9811-12EA45E6E20B}.Release|x86.ActiveCfg = Release|Any CPU
		{FDF284A4-1972-4759-9811-12EA45E6E20B}.Release|x86.Build.0 = Release|Any CPU
		{66017C0F-C955-407E-8E08-F38EDA51E537}.Debug|Any CPU.ActiveCfg = Debug|Any CPU
		{66017C0F-C955-407E-8E08-F38EDA51E537}.Debug|Any CPU.Build.0 = Debug|Any CPU
		{66017C0F-C955-407E-8E08-F38EDA51E537}.Debug|x64.ActiveCfg = Debug|Any CPU
		{66017C0F-C955-407E-8E08-F38EDA51E537}.Debug|x64.Build.0 = Debug|Any CPU
		{66017C0F-C955-407E-8E08-F38EDA51E537}.Debug|x86.ActiveCfg = Debug|Any CPU
		{66017C0F-C955-407E-8E08-F38EDA51E537}.Debug|x86.Build.0 = Debug|Any CPU
		{66017C0F-C955-407E-8E08-F38EDA51E537}.Release|Any CPU.ActiveCfg = Release|Any CPU
		{66017C0F-C955-407E-8E08-F38EDA51E537}.Release|Any CPU.Build.0 = Release|Any CPU
		{66017C0F-C955-407E-8E08-F38EDA51E537}.Release|x64.ActiveCfg = Release|Any CPU
		{66017C0F-C955-407E-8E08-F38EDA51E537}.Release|x64.Build.0 = Release|Any CPU
		{66017C0F-C955-407E-8E08-F38EDA51E537}.Release|x86.ActiveCfg = Release|Any CPU
		{66017C0F-C955-407E-8E08-F38EDA51E537}.Release|x86.Build.0 = Release|Any CPU
		{FC6AA165-1AE3-41EC-9FC6-F61A536C8E6C}.Debug|Any CPU.ActiveCfg = Debug|Any CPU
		{FC6AA165-1AE3-41EC-9FC6-F61A536C8E6C}.Debug|Any CPU.Build.0 = Debug|Any CPU
		{FC6AA165-1AE3-41EC-9FC6-F61A536C8E6C}.Debug|x64.ActiveCfg = Debug|Any CPU
		{FC6AA165-1AE3-41EC-9FC6-F61A536C8E6C}.Debug|x64.Build.0 = Debug|Any CPU
		{FC6AA165-1AE3-41EC-9FC6-F61A536C8E6C}.Debug|x86.ActiveCfg = Debug|Any CPU
		{FC6AA165-1AE3-41EC-9FC6-F61A536C8E6C}.Debug|x86.Build.0 = Debug|Any CPU
		{FC6AA165-1AE3-41EC-9FC6-F61A536C8E6C}.Release|Any CPU.ActiveCfg = Release|Any CPU
		{FC6AA165-1AE3-41EC-9FC6-F61A536C8E6C}.Release|Any CPU.Build.0 = Release|Any CPU
		{FC6AA165-1AE3-41EC-9FC6-F61A536C8E6C}.Release|x64.ActiveCfg = Release|Any CPU
		{FC6AA165-1AE3-41EC-9FC6-F61A536C8E6C}.Release|x64.Build.0 = Release|Any CPU
		{FC6AA165-1AE3-41EC-9FC6-F61A536C8E6C}.Release|x86.ActiveCfg = Release|Any CPU
		{FC6AA165-1AE3-41EC-9FC6-F61A536C8E6C}.Release|x86.Build.0 = Release|Any CPU
		{4A04DF0A-54D7-4B1B-8184-CE07D4F4D575}.Debug|Any CPU.ActiveCfg = Debug|Any CPU
		{4A04DF0A-54D7-4B1B-8184-CE07D4F4D575}.Debug|Any CPU.Build.0 = Debug|Any CPU
		{4A04DF0A-54D7-4B1B-8184-CE07D4F4D575}.Debug|x64.ActiveCfg = Debug|Any CPU
		{4A04DF0A-54D7-4B1B-8184-CE07D4F4D575}.Debug|x64.Build.0 = Debug|Any CPU
		{4A04DF0A-54D7-4B1B-8184-CE07D4F4D575}.Debug|x86.ActiveCfg = Debug|Any CPU
		{4A04DF0A-54D7-4B1B-8184-CE07D4F4D575}.Debug|x86.Build.0 = Debug|Any CPU
		{4A04DF0A-54D7-4B1B-8184-CE07D4F4D575}.Release|Any CPU.ActiveCfg = Release|Any CPU
		{4A04DF0A-54D7-4B1B-8184-CE07D4F4D575}.Release|Any CPU.Build.0 = Release|Any CPU
		{4A04DF0A-54D7-4B1B-8184-CE07D4F4D575}.Release|x64.ActiveCfg = Release|Any CPU
		{4A04DF0A-54D7-4B1B-8184-CE07D4F4D575}.Release|x64.Build.0 = Release|Any CPU
		{4A04DF0A-54D7-4B1B-8184-CE07D4F4D575}.Release|x86.ActiveCfg = Release|Any CPU
		{4A04DF0A-54D7-4B1B-8184-CE07D4F4D575}.Release|x86.Build.0 = Release|Any CPU
		{90A46903-AFE1-442A-8A10-748990D45245}.Debug|Any CPU.ActiveCfg = Debug|Any CPU
		{90A46903-AFE1-442A-8A10-748990D45245}.Debug|Any CPU.Build.0 = Debug|Any CPU
		{90A46903-AFE1-442A-8A10-748990D45245}.Debug|x64.ActiveCfg = Debug|Any CPU
		{90A46903-AFE1-442A-8A10-748990D45245}.Debug|x64.Build.0 = Debug|Any CPU
		{90A46903-AFE1-442A-8A10-748990D45245}.Debug|x86.ActiveCfg = Debug|Any CPU
		{90A46903-AFE1-442A-8A10-748990D45245}.Debug|x86.Build.0 = Debug|Any CPU
		{90A46903-AFE1-442A-8A10-748990D45245}.Release|Any CPU.ActiveCfg = Release|Any CPU
		{90A46903-AFE1-442A-8A10-748990D45245}.Release|Any CPU.Build.0 = Release|Any CPU
		{90A46903-AFE1-442A-8A10-748990D45245}.Release|x64.ActiveCfg = Release|Any CPU
		{90A46903-AFE1-442A-8A10-748990D45245}.Release|x64.Build.0 = Release|Any CPU
		{90A46903-AFE1-442A-8A10-748990D45245}.Release|x86.ActiveCfg = Release|Any CPU
		{90A46903-AFE1-442A-8A10-748990D45245}.Release|x86.Build.0 = Release|Any CPU
		{E25166BC-A7A0-4EA8-A194-025F2547D3A7}.Debug|Any CPU.ActiveCfg = Debug|Any CPU
		{E25166BC-A7A0-4EA8-A194-025F2547D3A7}.Debug|Any CPU.Build.0 = Debug|Any CPU
		{E25166BC-A7A0-4EA8-A194-025F2547D3A7}.Debug|x64.ActiveCfg = Debug|Any CPU
		{E25166BC-A7A0-4EA8-A194-025F2547D3A7}.Debug|x64.Build.0 = Debug|Any CPU
		{E25166BC-A7A0-4EA8-A194-025F2547D3A7}.Debug|x86.ActiveCfg = Debug|Any CPU
		{E25166BC-A7A0-4EA8-A194-025F2547D3A7}.Debug|x86.Build.0 = Debug|Any CPU
		{E25166BC-A7A0-4EA8-A194-025F2547D3A7}.Release|Any CPU.ActiveCfg = Release|Any CPU
		{E25166BC-A7A0-4EA8-A194-025F2547D3A7}.Release|Any CPU.Build.0 = Release|Any CPU
		{E25166BC-A7A0-4EA8-A194-025F2547D3A7}.Release|x64.ActiveCfg = Release|Any CPU
		{E25166BC-A7A0-4EA8-A194-025F2547D3A7}.Release|x64.Build.0 = Release|Any CPU
		{E25166BC-A7A0-4EA8-A194-025F2547D3A7}.Release|x86.ActiveCfg = Release|Any CPU
		{E25166BC-A7A0-4EA8-A194-025F2547D3A7}.Release|x86.Build.0 = Release|Any CPU
		{6D0871C4-5765-4F14-BE9D-AB3ECC774897}.Debug|Any CPU.ActiveCfg = Debug|Any CPU
		{6D0871C4-5765-4F14-BE9D-AB3ECC774897}.Debug|Any CPU.Build.0 = Debug|Any CPU
		{6D0871C4-5765-4F14-BE9D-AB3ECC774897}.Debug|x64.ActiveCfg = Debug|Any CPU
		{6D0871C4-5765-4F14-BE9D-AB3ECC774897}.Debug|x64.Build.0 = Debug|Any CPU
		{6D0871C4-5765-4F14-BE9D-AB3ECC774897}.Debug|x86.ActiveCfg = Debug|Any CPU
		{6D0871C4-5765-4F14-BE9D-AB3ECC774897}.Debug|x86.Build.0 = Debug|Any CPU
		{6D0871C4-5765-4F14-BE9D-AB3ECC774897}.Release|Any CPU.ActiveCfg = Release|Any CPU
		{6D0871C4-5765-4F14-BE9D-AB3ECC774897}.Release|Any CPU.Build.0 = Release|Any CPU
		{6D0871C4-5765-4F14-BE9D-AB3ECC774897}.Release|x64.ActiveCfg = Release|Any CPU
		{6D0871C4-5765-4F14-BE9D-AB3ECC774897}.Release|x64.Build.0 = Release|Any CPU
		{6D0871C4-5765-4F14-BE9D-AB3ECC774897}.Release|x86.ActiveCfg = Release|Any CPU
		{6D0871C4-5765-4F14-BE9D-AB3ECC774897}.Release|x86.Build.0 = Release|Any CPU
		{2336CDEB-FF4E-4579-85CC-C56425B66065}.Debug|Any CPU.ActiveCfg = Debug|Any CPU
		{2336CDEB-FF4E-4579-85CC-C56425B66065}.Debug|Any CPU.Build.0 = Debug|Any CPU
		{2336CDEB-FF4E-4579-85CC-C56425B66065}.Debug|x64.ActiveCfg = Debug|Any CPU
		{2336CDEB-FF4E-4579-85CC-C56425B66065}.Debug|x64.Build.0 = Debug|Any CPU
		{2336CDEB-FF4E-4579-85CC-C56425B66065}.Debug|x86.ActiveCfg = Debug|Any CPU
		{2336CDEB-FF4E-4579-85CC-C56425B66065}.Debug|x86.Build.0 = Debug|Any CPU
		{2336CDEB-FF4E-4579-85CC-C56425B66065}.Release|Any CPU.ActiveCfg = Release|Any CPU
		{2336CDEB-FF4E-4579-85CC-C56425B66065}.Release|Any CPU.Build.0 = Release|Any CPU
		{2336CDEB-FF4E-4579-85CC-C56425B66065}.Release|x64.ActiveCfg = Release|Any CPU
		{2336CDEB-FF4E-4579-85CC-C56425B66065}.Release|x64.Build.0 = Release|Any CPU
		{2336CDEB-FF4E-4579-85CC-C56425B66065}.Release|x86.ActiveCfg = Release|Any CPU
		{2336CDEB-FF4E-4579-85CC-C56425B66065}.Release|x86.Build.0 = Release|Any CPU
		{31920ED8-FC80-41AF-A47B-AAE9C1BFA7A8}.Debug|Any CPU.ActiveCfg = Debug|Any CPU
		{31920ED8-FC80-41AF-A47B-AAE9C1BFA7A8}.Debug|Any CPU.Build.0 = Debug|Any CPU
		{31920ED8-FC80-41AF-A47B-AAE9C1BFA7A8}.Debug|x64.ActiveCfg = Debug|Any CPU
		{31920ED8-FC80-41AF-A47B-AAE9C1BFA7A8}.Debug|x64.Build.0 = Debug|Any CPU
		{31920ED8-FC80-41AF-A47B-AAE9C1BFA7A8}.Debug|x86.ActiveCfg = Debug|Any CPU
		{31920ED8-FC80-41AF-A47B-AAE9C1BFA7A8}.Debug|x86.Build.0 = Debug|Any CPU
		{31920ED8-FC80-41AF-A47B-AAE9C1BFA7A8}.Release|Any CPU.ActiveCfg = Release|Any CPU
		{31920ED8-FC80-41AF-A47B-AAE9C1BFA7A8}.Release|Any CPU.Build.0 = Release|Any CPU
		{31920ED8-FC80-41AF-A47B-AAE9C1BFA7A8}.Release|x64.ActiveCfg = Release|Any CPU
		{31920ED8-FC80-41AF-A47B-AAE9C1BFA7A8}.Release|x64.Build.0 = Release|Any CPU
		{31920ED8-FC80-41AF-A47B-AAE9C1BFA7A8}.Release|x86.ActiveCfg = Release|Any CPU
		{31920ED8-FC80-41AF-A47B-AAE9C1BFA7A8}.Release|x86.Build.0 = Release|Any CPU
		{AD84E04C-CF07-47BB-B106-0398A21CD411}.Debug|Any CPU.ActiveCfg = Debug|Any CPU
		{AD84E04C-CF07-47BB-B106-0398A21CD411}.Debug|Any CPU.Build.0 = Debug|Any CPU
		{AD84E04C-CF07-47BB-B106-0398A21CD411}.Debug|x64.ActiveCfg = Debug|Any CPU
		{AD84E04C-CF07-47BB-B106-0398A21CD411}.Debug|x64.Build.0 = Debug|Any CPU
		{AD84E04C-CF07-47BB-B106-0398A21CD411}.Debug|x86.ActiveCfg = Debug|Any CPU
		{AD84E04C-CF07-47BB-B106-0398A21CD411}.Debug|x86.Build.0 = Debug|Any CPU
		{AD84E04C-CF07-47BB-B106-0398A21CD411}.Release|Any CPU.ActiveCfg = Release|Any CPU
		{AD84E04C-CF07-47BB-B106-0398A21CD411}.Release|Any CPU.Build.0 = Release|Any CPU
		{AD84E04C-CF07-47BB-B106-0398A21CD411}.Release|x64.ActiveCfg = Release|Any CPU
		{AD84E04C-CF07-47BB-B106-0398A21CD411}.Release|x64.Build.0 = Release|Any CPU
		{AD84E04C-CF07-47BB-B106-0398A21CD411}.Release|x86.ActiveCfg = Release|Any CPU
		{AD84E04C-CF07-47BB-B106-0398A21CD411}.Release|x86.Build.0 = Release|Any CPU
	EndGlobalSection
	GlobalSection(SolutionProperties) = preSolution
		HideSolutionNode = FALSE
	EndGlobalSection
	GlobalSection(NestedProjects) = preSolution
		{FDF284A4-1972-4759-9811-12EA45E6E20B} = {3B541859-4159-4A11-86C2-FE28A61E7D50}
		{66017C0F-C955-407E-8E08-F38EDA51E537} = {3B541859-4159-4A11-86C2-FE28A61E7D50}
		{FC6AA165-1AE3-41EC-9FC6-F61A536C8E6C} = {FE6EE0C4-016C-48CE-9BAD-A4494288B1A9}
		{4A04DF0A-54D7-4B1B-8184-CE07D4F4D575} = {3B541859-4159-4A11-86C2-FE28A61E7D50}
		{90A46903-AFE1-442A-8A10-748990D45245} = {FE6EE0C4-016C-48CE-9BAD-A4494288B1A9}
		{E25166BC-A7A0-4EA8-A194-025F2547D3A7} = {3B541859-4159-4A11-86C2-FE28A61E7D50}
		{6D0871C4-5765-4F14-BE9D-AB3ECC774897} = {FE6EE0C4-016C-48CE-9BAD-A4494288B1A9}
		{2336CDEB-FF4E-4579-85CC-C56425B66065} = {3B541859-4159-4A11-86C2-FE28A61E7D50}
		{31920ED8-FC80-41AF-A47B-AAE9C1BFA7A8} = {FE6EE0C4-016C-48CE-9BAD-A4494288B1A9}
		{AD84E04C-CF07-47BB-B106-0398A21CD411} = {3B541859-4159-4A11-86C2-FE28A61E7D50}
	EndGlobalSection
EndGlobal
