
Microsoft Visual Studio Solution File, Format Version 12.00
# Visual Studio Version 17
VisualStudioVersion = 17.0.31903.59
MinimumVisualStudioVersion = 10.0.40219.1
Project("{2150E333-8FDC-42A3-9474-1A3956D46DE8}") = "src", "src", "{3B541859-4159-4A11-86C2-FE28A61E7D50}"
EndProject
Project("{FAE04EC0-301F-11D3-BF4B-00C04F79EFBC}") = "Iaet.Core", "src\Iaet.Core\Iaet.Core.csproj", "{87E7EED8-CC38-48DC-8BCE-79868B7D3609}"
EndProject
Project("{2150E333-8FDC-42A3-9474-1A3956D46DE8}") = "tests", "tests", "{FE6EE0C4-016C-48CE-9BAD-A4494288B1A9}"
EndProject
Project("{FAE04EC0-301F-11D3-BF4B-00C04F79EFBC}") = "Iaet.Core.Tests", "tests\Iaet.Core.Tests\Iaet.Core.Tests.csproj", "{3FC6D373-DFB0-46AA-9C65-5EF827FF90C7}"
EndProject
Project("{FAE04EC0-301F-11D3-BF4B-00C04F79EFBC}") = "Iaet.Capture", "src\Iaet.Capture\Iaet.Capture.csproj", "{618C5E9D-E245-48AC-B60D-E9CCD8768E9E}"
EndProject
Project("{FAE04EC0-301F-11D3-BF4B-00C04F79EFBC}") = "Iaet.Catalog", "src\Iaet.Catalog\Iaet.Catalog.csproj", "{0DA3A413-34EB-4164-BD8C-20756B9A6080}"
EndProject
Project("{FAE04EC0-301F-11D3-BF4B-00C04F79EFBC}") = "Iaet.Catalog.Tests", "tests\Iaet.Catalog.Tests\Iaet.Catalog.Tests.csproj", "{462B1F8F-2382-4B5D-A600-D0C0056EAED1}"
EndProject
Project("{FAE04EC0-301F-11D3-BF4B-00C04F79EFBC}") = "Iaet.Cli", "src\Iaet.Cli\Iaet.Cli.csproj", "{18312082-D8E0-4932-91EA-956E3426F237}"
EndProject
Project("{FAE04EC0-301F-11D3-BF4B-00C04F79EFBC}") = "Iaet.Adapters.GoogleVoice", "src\Iaet.Adapters.GoogleVoice\Iaet.Adapters.GoogleVoice.csproj", "{FDF284A4-1972-4759-9811-12EA45E6E20B}"
EndProject
Project("{FAE04EC0-301F-11D3-BF4B-00C04F79EFBC}") = "GvResearch.Shared", "src\GvResearch.Shared\GvResearch.Shared.csproj", "{66017C0F-C955-407E-8E08-F38EDA51E537}"
EndProject
Project("{FAE04EC0-301F-11D3-BF4B-00C04F79EFBC}") = "GvResearch.Shared.Tests", "tests\GvResearch.Shared.Tests\GvResearch.Shared.Tests.csproj", "{FC6AA165-1AE3-41EC-9FC6-F61A536C8E6C}"
EndProject
Project("{FAE04EC0-301F-11D3-BF4B-00C04F79EFBC}") = "GvResearch.Api", "src\GvResearch.Api\GvResearch.Api.csproj", "{4A04DF0A-54D7-4B1B-8184-CE07D4F4D575}"
EndProject
Project("{FAE04EC0-301F-11D3-BF4B-00C04F79EFBC}") = "GvResearch.Api.Tests", "tests\GvResearch.Api.Tests\GvResearch.Api.Tests.csproj", "{90A46903-AFE1-442A-8A10-748990D45245}"
EndProject
Global
	GlobalSection(SolutionConfigurationPlatforms) = preSolution
		Debug|Any CPU = Debug|Any CPU
		Release|Any CPU = Release|Any CPU
	EndGlobalSection
	GlobalSection(SolutionProperties) = preSolution
		HideSolutionNode = FALSE
	EndGlobalSection
	GlobalSection(ProjectConfigurationPlatforms) = postSolution
		{87E7EED8-CC38-48DC-8BCE-79868B7D3609}.Debug|Any CPU.ActiveCfg = Debug|Any CPU
		{87E7EED8-CC38-48DC-8BCE-79868B7D3609}.Debug|Any CPU.Build.0 = Debug|Any CPU
		{87E7EED8-CC38-48DC-8BCE-79868B7D3609}.Release|Any CPU.ActiveCfg = Release|Any CPU
		{87E7EED8-CC38-48DC-8BCE-79868B7D3609}.Release|Any CPU.Build.0 = Release|Any CPU
		{3FC6D373-DFB0-46AA-9C65-5EF827FF90C7}.Debug|Any CPU.ActiveCfg = Debug|Any CPU
		{3FC6D373-DFB0-46AA-9C65-5EF827FF90C7}.Debug|Any CPU.Build.0 = Debug|Any CPU
		{3FC6D373-DFB0-46AA-9C65-5EF827FF90C7}.Release|Any CPU.ActiveCfg = Release|Any CPU
		{3FC6D373-DFB0-46AA-9C65-5EF827FF90C7}.Release|Any CPU.Build.0 = Release|Any CPU
		{618C5E9D-E245-48AC-B60D-E9CCD8768E9E}.Debug|Any CPU.ActiveCfg = Debug|Any CPU
		{618C5E9D-E245-48AC-B60D-E9CCD8768E9E}.Debug|Any CPU.Build.0 = Debug|Any CPU
		{618C5E9D-E245-48AC-B60D-E9CCD8768E9E}.Release|Any CPU.ActiveCfg = Release|Any CPU
		{618C5E9D-E245-48AC-B60D-E9CCD8768E9E}.Release|Any CPU.Build.0 = Release|Any CPU
		{0DA3A413-34EB-4164-BD8C-20756B9A6080}.Debug|Any CPU.ActiveCfg = Debug|Any CPU
		{0DA3A413-34EB-4164-BD8C-20756B9A6080}.Debug|Any CPU.Build.0 = Debug|Any CPU
		{0DA3A413-34EB-4164-BD8C-20756B9A6080}.Release|Any CPU.ActiveCfg = Release|Any CPU
		{0DA3A413-34EB-4164-BD8C-20756B9A6080}.Release|Any CPU.Build.0 = Release|Any CPU
		{462B1F8F-2382-4B5D-A600-D0C0056EAED1}.Debug|Any CPU.ActiveCfg = Debug|Any CPU
		{462B1F8F-2382-4B5D-A600-D0C0056EAED1}.Debug|Any CPU.Build.0 = Debug|Any CPU
		{462B1F8F-2382-4B5D-A600-D0C0056EAED1}.Release|Any CPU.ActiveCfg = Release|Any CPU
		{462B1F8F-2382-4B5D-A600-D0C0056EAED1}.Release|Any CPU.Build.0 = Release|Any CPU
		{18312082-D8E0-4932-91EA-956E3426F237}.Debug|Any CPU.ActiveCfg = Debug|Any CPU
		{18312082-D8E0-4932-91EA-956E3426F237}.Debug|Any CPU.Build.0 = Debug|Any CPU
		{18312082-D8E0-4932-91EA-956E3426F237}.Release|Any CPU.ActiveCfg = Release|Any CPU
		{18312082-D8E0-4932-91EA-956E3426F237}.Release|Any CPU.Build.0 = Release|Any CPU
		{FDF284A4-1972-4759-9811-12EA45E6E20B}.Debug|Any CPU.ActiveCfg = Debug|Any CPU
		{FDF284A4-1972-4759-9811-12EA45E6E20B}.Debug|Any CPU.Build.0 = Debug|Any CPU
		{FDF284A4-1972-4759-9811-12EA45E6E20B}.Release|Any CPU.ActiveCfg = Release|Any CPU
		{FDF284A4-1972-4759-9811-12EA45E6E20B}.Release|Any CPU.Build.0 = Release|Any CPU
		{66017C0F-C955-407E-8E08-F38EDA51E537}.Debug|Any CPU.ActiveCfg = Debug|Any CPU
		{66017C0F-C955-407E-8E08-F38EDA51E537}.Debug|Any CPU.Build.0 = Debug|Any CPU
		{66017C0F-C955-407E-8E08-F38EDA51E537}.Release|Any CPU.ActiveCfg = Release|Any CPU
		{66017C0F-C955-407E-8E08-F38EDA51E537}.Release|Any CPU.Build.0 = Release|Any CPU
		{FC6AA165-1AE3-41EC-9FC6-F61A536C8E6C}.Debug|Any CPU.ActiveCfg = Debug|Any CPU
		{FC6AA165-1AE3-41EC-9FC6-F61A536C8E6C}.Debug|Any CPU.Build.0 = Debug|Any CPU
		{FC6AA165-1AE3-41EC-9FC6-F61A536C8E6C}.Release|Any CPU.ActiveCfg = Release|Any CPU
		{FC6AA165-1AE3-41EC-9FC6-F61A536C8E6C}.Release|Any CPU.Build.0 = Release|Any CPU
		{4A04DF0A-54D7-4B1B-8184-CE07D4F4D575}.Debug|Any CPU.ActiveCfg = Debug|Any CPU
		{4A04DF0A-54D7-4B1B-8184-CE07D4F4D575}.Debug|Any CPU.Build.0 = Debug|Any CPU
		{4A04DF0A-54D7-4B1B-8184-CE07D4F4D575}.Release|Any CPU.ActiveCfg = Release|Any CPU
		{4A04DF0A-54D7-4B1B-8184-CE07D4F4D575}.Release|Any CPU.Build.0 = Release|Any CPU
		{90A46903-AFE1-442A-8A10-748990D45245}.Debug|Any CPU.ActiveCfg = Debug|Any CPU
		{90A46903-AFE1-442A-8A10-748990D45245}.Debug|Any CPU.Build.0 = Debug|Any CPU
		{90A46903-AFE1-442A-8A10-748990D45245}.Release|Any CPU.ActiveCfg = Release|Any CPU
		{90A46903-AFE1-442A-8A10-748990D45245}.Release|Any CPU.Build.0 = Release|Any CPU
	EndGlobalSection
	GlobalSection(NestedProjects) = preSolution
		{87E7EED8-CC38-48DC-8BCE-79868B7D3609} = {3B541859-4159-4A11-86C2-FE28A61E7D50}
		{3FC6D373-DFB0-46AA-9C65-5EF827FF90C7} = {FE6EE0C4-016C-48CE-9BAD-A4494288B1A9}
		{618C5E9D-E245-48AC-B60D-E9CCD8768E9E} = {3B541859-4159-4A11-86C2-FE28A61E7D50}
		{0DA3A413-34EB-4164-BD8C-20756B9A6080} = {3B541859-4159-4A11-86C2-FE28A61E7D50}
		{462B1F8F-2382-4B5D-A600-D0C0056EAED1} = {FE6EE0C4-016C-48CE-9BAD-A4494288B1A9}
		{18312082-D8E0-4932-91EA-956E3426F237} = {3B541859-4159-4A11-86C2-FE28A61E7D50}
		{FDF284A4-1972-4759-9811-12EA45E6E20B} = {3B541859-4159-4A11-86C2-FE28A61E7D50}
		{66017C0F-C955-407E-8E08-F38EDA51E537} = {3B541859-4159-4A11-86C2-FE28A61E7D50}
		{FC6AA165-1AE3-41EC-9FC6-F61A536C8E6C} = {FE6EE0C4-016C-48CE-9BAD-A4494288B1A9}
		{4A04DF0A-54D7-4B1B-8184-CE07D4F4D575} = {3B541859-4159-4A11-86C2-FE28A61E7D50}
		{90A46903-AFE1-442A-8A10-748990D45245} = {FE6EE0C4-016C-48CE-9BAD-A4494288B1A9}
	EndGlobalSection
EndGlobal
